<?xml version="1.0" encoding="utf-8"?>
<Project ToolsVersion="4.0" xmlns="http://schemas.microsoft.com/developer/msbuild/2003">
  <ItemGroup>
    <Filter Include="Fichiers sources">
      <UniqueIdentifier>{4FC737F1-C7A5-4376-A066-2A32D752A2FF}</UniqueIdentifier>
      <Extensions>cpp;c;cc;cxx;def;odl;idl;hpj;bat;asm;asmx</Extensions>
    </Filter>
    <Filter Include="Fichiers d%27en-tête">
      <UniqueIdentifier>{93995380-89BD-4b04-88EB-625FBE52EBFB}</UniqueIdentifier>
      <Extensions>h;hh;hpp;hxx;hm;inl;inc;ipp;xsd</Extensions>
    </Filter>
    <Filter Include="Fichiers de ressources">
      <UniqueIdentifier>{67DA6AB6-F800-4c08-8B7A-83BB121AAD01}</UniqueIdentifier>
      <Extensions>rc;ico;cur;bmp;dlg;rc2;rct;bin;rgs;gif;jpg;jpeg;jpe;resx;tiff;tif;png;wav;mfcribbon-ms</Extensions>
    </Filter>
    <Filter Include="Fichiers sources\EditMemory">
      <UniqueIdentifier>{1c6f78b4-aaa4-444c-9754-3958d501e812}</UniqueIdentifier>
    </Filter>
    <Filter Include="Fichiers sources\Example">
      <UniqueIdentifier>{340b9456-dcfc-4fa7-90b7-64e12ba868ab}</UniqueIdentifier>
    </Filter>
    <Filter Include="Fichiers sources\Example\AssaultCube">
      <UniqueIdentifier>{010afc06-4a14-4202-8275-077f97d164bb}</UniqueIdentifier>
    </Filter>
  </ItemGroup>
  <ItemGroup>
    <ClCompile Include="EditMemory.cpp">
      <Filter>Fichiers sources\EditMemory</Filter>
    </ClCompile>
    <ClCompile Include="main.cpp">
      <Filter>Fichiers sources\Example\AssaultCube</Filter>
    </ClCompile>
  </ItemGroup>
  <ItemGroup>
    <ClInclude Include="EditMemory.h">
      <Filter>Fichiers sources\EditMemory</Filter>
    </ClInclude>
  </ItemGroup>
</Project>